
Microsoft Visual Studio Solution File, Format Version 12.00
# Visual Studio 2013
VisualStudioVersion = 12.0.21005.1
MinimumVisualStudioVersion = 10.0.40219.1
Project("{FAE04EC0-301F-11D3-BF4B-00C04F79EFBC}") = "EssentialTools", "EssentialTools\EssentialTools.csproj", "{9261B272-8F8B-474C-B5F7-89A8D0DE3BFD}"
EndProject
Project("{FAE04EC0-301F-11D3-BF4B-00C04F79EFBC}") = "EssentialeTools.Tests", "EssentialeTools.Tests\EssentialeTools.Tests.csproj", "{953CB264-0401-436A-B03A-668D4EBE1F76}"
EndProject
Global
	GlobalSection(SolutionConfigurationPlatforms) = preSolution
		Debug|Any CPU = Debug|Any CPU
		Release|Any CPU = Release|Any CPU
	EndGlobalSection
	GlobalSection(ProjectConfigurationPlatforms) = postSolution
		{9261B272-8F8B-474C-B5F7-89A8D0DE3BFD}.Debug|Any CPU.ActiveCfg = Debug|Any CPU
		{9261B272-8F8B-474C-B5F7-89A8D0DE3BFD}.Debug|Any CPU.Build.0 = Debug|Any CPU
		{9261B272-8F8B-474C-B5F7-89A8D0DE3BFD}.Release|Any CPU.ActiveCfg = Release|Any CPU
		{9261B272-8F8B-474C-B5F7-89A8D0DE3BFD}.Release|Any CPU.Build.0 = Release|Any CPU
		{953CB264-0401-436A-B03A-668D4EBE1F76}.Debug|Any CPU.ActiveCfg = Debug|Any CPU
		{953CB264-0401-436A-B03A-668D4EBE1F76}.Debug|Any CPU.Build.0 = Debug|Any CPU
		{953CB264-0401-436A-B03A-668D4EBE1F76}.Release|Any CPU.ActiveCfg = Release|Any CPU
		{953CB264-0401-436A-B03A-668D4EBE1F76}.Release|Any CPU.Build.0 = Release|Any CPU
	EndGlobalSection
	GlobalSection(SolutionProperties) = preSolution
		HideSolutionNode = FALSE
	EndGlobalSection
EndGlobal
