
Microsoft Visual Studio Solution File, Format Version 12.00
# Visual Studio 2013
VisualStudioVersion = 12.0.21005.1
MinimumVisualStudioVersion = 10.0.40219.1
Project("{FAE04EC0-301F-11D3-BF4B-00C04F79EFBC}") = "SportsStore.Domain", "SportsStore.Domain\SportsStore.Domain.csproj", "{3C56DF6F-4C04-41AE-8967-AA7E3BEA0361}"
EndProject
Project("{FAE04EC0-301F-11D3-BF4B-00C04F79EFBC}") = "SportsStore.WebUI", "SportsStore.WebUI\SportsStore.WebUI.csproj", "{ACE23060-3F07-4B66-A35E-F3717E1413AA}"
EndProject
Project("{FAE04EC0-301F-11D3-BF4B-00C04F79EFBC}") = "SportsStore.UnitTests", "SportsStore.UnitTests\SportsStore.UnitTests.csproj", "{18EF2C9E-F88E-4B09-A06C-B36C944BBBD8}"
EndProject
Global
	GlobalSection(SolutionConfigurationPlatforms) = preSolution
		Debug|Any CPU = Debug|Any CPU
		Release|Any CPU = Release|Any CPU
	EndGlobalSection
	GlobalSection(ProjectConfigurationPlatforms) = postSolution
		{3C56DF6F-4C04-41AE-8967-AA7E3BEA0361}.Debug|Any CPU.ActiveCfg = Debug|Any CPU
		{3C56DF6F-4C04-41AE-8967-AA7E3BEA0361}.Debug|Any CPU.Build.0 = Debug|Any CPU
		{3C56DF6F-4C04-41AE-8967-AA7E3BEA0361}.Release|Any CPU.ActiveCfg = Release|Any CPU
		{3C56DF6F-4C04-41AE-8967-AA7E3BEA0361}.Release|Any CPU.Build.0 = Release|Any CPU
		{ACE23060-3F07-4B66-A35E-F3717E1413AA}.Debug|Any CPU.ActiveCfg = Debug|Any CPU
		{ACE23060-3F07-4B66-A35E-F3717E1413AA}.Debug|Any CPU.Build.0 = Debug|Any CPU
		{ACE23060-3F07-4B66-A35E-F3717E1413AA}.Release|Any CPU.ActiveCfg = Release|Any CPU
		{ACE23060-3F07-4B66-A35E-F3717E1413AA}.Release|Any CPU.Build.0 = Release|Any CPU
		{18EF2C9E-F88E-4B09-A06C-B36C944BBBD8}.Debug|Any CPU.ActiveCfg = Debug|Any CPU
		{18EF2C9E-F88E-4B09-A06C-B36C944BBBD8}.Debug|Any CPU.Build.0 = Debug|Any CPU
		{18EF2C9E-F88E-4B09-A06C-B36C944BBBD8}.Release|Any CPU.ActiveCfg = Release|Any CPU
		{18EF2C9E-F88E-4B09-A06C-B36C944BBBD8}.Release|Any CPU.Build.0 = Release|Any CPU
	EndGlobalSection
	GlobalSection(SolutionProperties) = preSolution
		HideSolutionNode = FALSE
	EndGlobalSection
EndGlobal
